// !$*UTF8*$!
{
	archiveVersion = 1;
	classes = {
	};
	objectVersion = 50;
	objects = {

/* Begin PBXBuildFile section */
		7E249AE6214FE43000390B97 /* AuthenticationViewController.swift in Sources */ = {isa = PBXBuildFile; fileRef = 7E249AE5214FE43000390B97 /* AuthenticationViewController.swift */; };
		7E249AE8214FE49200390B97 /* LoginViewController.swift in Sources */ = {isa = PBXBuildFile; fileRef = 7E249AE7214FE49200390B97 /* LoginViewController.swift */; };
		7E249AEA214FEBF800390B97 /* InsetTextField.swift in Sources */ = {isa = PBXBuildFile; fileRef = 7E249AE9214FEBF800390B97 /* InsetTextField.swift */; };
		7E249AEC2150482E00390B97 /* ShadowView.swift in Sources */ = {isa = PBXBuildFile; fileRef = 7E249AEB2150482E00390B97 /* ShadowView.swift */; };
		7E35B0BF213D786600622CA0 /* AppDelegate.swift in Sources */ = {isa = PBXBuildFile; fileRef = 7E35B0BE213D786600622CA0 /* AppDelegate.swift */; };
		7E35B0C1213D786600622CA0 /* FeedViewController.swift in Sources */ = {isa = PBXBuildFile; fileRef = 7E35B0C0213D786600622CA0 /* FeedViewController.swift */; };
		7E35B0C3213D786600622CA0 /* GroupsViewController.swift in Sources */ = {isa = PBXBuildFile; fileRef = 7E35B0C2213D786600622CA0 /* GroupsViewController.swift */; };
		7E35B0C6213D786600622CA0 /* Main.storyboard in Resources */ = {isa = PBXBuildFile; fileRef = 7E35B0C4213D786600622CA0 /* Main.storyboard */; };
		7E35B0C8213D786C00622CA0 /* Assets.xcassets in Resources */ = {isa = PBXBuildFile; fileRef = 7E35B0C7213D786C00622CA0 /* Assets.xcassets */; };
		7E35B0CB213D786C00622CA0 /* LaunchScreen.storyboard in Resources */ = {isa = PBXBuildFile; fileRef = 7E35B0C9213D786C00622CA0 /* LaunchScreen.storyboard */; };
		7E35B0D8213D91ED00622CA0 /* GoogleService-Info.plist in Resources */ = {isa = PBXBuildFile; fileRef = 7E35B0D7213D91ED00622CA0 /* GoogleService-Info.plist */; };
		7E8238152158584000D36BB7 /* MeViewController.swift in Sources */ = {isa = PBXBuildFile; fileRef = 7E8238142158584000D36BB7 /* MeViewController.swift */; };
		7E911AF4214148990057B2FC /* DataService.swift in Sources */ = {isa = PBXBuildFile; fileRef = 7E911AF3214148990057B2FC /* DataService.swift */; };
		7E916ED121598714003E1995 /* CreatePostViewController.swift in Sources */ = {isa = PBXBuildFile; fileRef = 7E916ED021598714003E1995 /* CreatePostViewController.swift */; };
		7E916ED421598A63003E1995 /* CreatePostVCUITextViewDelegate.swift in Sources */ = {isa = PBXBuildFile; fileRef = 7E916ED321598A63003E1995 /* CreatePostVCUITextViewDelegate.swift */; };
		7E94E1972151B5040007EE2A /* AuthService.swift in Sources */ = {isa = PBXBuildFile; fileRef = 7E94E1962151B5040007EE2A /* AuthService.swift */; };
		7EC086A221558FEE0010DA68 /* LoginVCUITextFieldDelegate.swift in Sources */ = {isa = PBXBuildFile; fileRef = 7EC086A121558FEE0010DA68 /* LoginVCUITextFieldDelegate.swift */; };
		B2372E5653C4B11220EA3FEE /* libPods-BreakPoint.a in Frameworks */ = {isa = PBXBuildFile; fileRef = A4979300ADC3F010DB5FEE8D /* libPods-BreakPoint.a */; };
/* End PBXBuildFile section */

/* Begin PBXFileReference section */
		7E249AE5214FE43000390B97 /* AuthenticationViewController.swift */ = {isa = PBXFileReference; lastKnownFileType = sourcecode.swift; path = AuthenticationViewController.swift; sourceTree = "<group>"; };
		7E249AE7214FE49200390B97 /* LoginViewController.swift */ = {isa = PBXFileReference; lastKnownFileType = sourcecode.swift; path = LoginViewController.swift; sourceTree = "<group>"; };
		7E249AE9214FEBF800390B97 /* InsetTextField.swift */ = {isa = PBXFileReference; lastKnownFileType = sourcecode.swift; path = InsetTextField.swift; sourceTree = "<group>"; };
		7E249AEB2150482E00390B97 /* ShadowView.swift */ = {isa = PBXFileReference; lastKnownFileType = sourcecode.swift; path = ShadowView.swift; sourceTree = "<group>"; };
		7E35B0BB213D786600622CA0 /* BreakPoint.app */ = {isa = PBXFileReference; explicitFileType = wrapper.application; includeInIndex = 0; path = BreakPoint.app; sourceTree = BUILT_PRODUCTS_DIR; };
		7E35B0BE213D786600622CA0 /* AppDelegate.swift */ = {isa = PBXFileReference; lastKnownFileType = sourcecode.swift; path = AppDelegate.swift; sourceTree = "<group>"; };
		7E35B0C0213D786600622CA0 /* FeedViewController.swift */ = {isa = PBXFileReference; lastKnownFileType = sourcecode.swift; path = FeedViewController.swift; sourceTree = "<group>"; };
		7E35B0C2213D786600622CA0 /* GroupsViewController.swift */ = {isa = PBXFileReference; lastKnownFileType = sourcecode.swift; path = GroupsViewController.swift; sourceTree = "<group>"; };
		7E35B0C5213D786600622CA0 /* Base */ = {isa = PBXFileReference; lastKnownFileType = file.storyboard; name = Base; path = Base.lproj/Main.storyboard; sourceTree = "<group>"; };
		7E35B0C7213D786C00622CA0 /* Assets.xcassets */ = {isa = PBXFileReference; lastKnownFileType = folder.assetcatalog; path = Assets.xcassets; sourceTree = "<group>"; };
		7E35B0CA213D786C00622CA0 /* Base */ = {isa = PBXFileReference; lastKnownFileType = file.storyboard; name = Base; path = Base.lproj/LaunchScreen.storyboard; sourceTree = "<group>"; };
		7E35B0CC213D786C00622CA0 /* Info.plist */ = {isa = PBXFileReference; lastKnownFileType = text.plist.xml; path = Info.plist; sourceTree = "<group>"; };
		7E35B0D7213D91ED00622CA0 /* GoogleService-Info.plist */ = {isa = PBXFileReference; fileEncoding = 4; lastKnownFileType = text.plist.xml; path = "GoogleService-Info.plist"; sourceTree = "<group>"; };
		7E8238142158584000D36BB7 /* MeViewController.swift */ = {isa = PBXFileReference; lastKnownFileType = sourcecode.swift; path = MeViewController.swift; sourceTree = "<group>"; };
		7E911AF3214148990057B2FC /* DataService.swift */ = {isa = PBXFileReference; lastKnownFileType = sourcecode.swift; path = DataService.swift; sourceTree = "<group>"; };
		7E916ED021598714003E1995 /* CreatePostViewController.swift */ = {isa = PBXFileReference; lastKnownFileType = sourcecode.swift; path = CreatePostViewController.swift; sourceTree = "<group>"; };
		7E916ED321598A63003E1995 /* CreatePostVCUITextViewDelegate.swift */ = {isa = PBXFileReference; lastKnownFileType = sourcecode.swift; path = CreatePostVCUITextViewDelegate.swift; sourceTree = "<group>"; };
		7E94E1962151B5040007EE2A /* AuthService.swift */ = {isa = PBXFileReference; lastKnownFileType = sourcecode.swift; path = AuthService.swift; sourceTree = "<group>"; };
		7EC086A121558FEE0010DA68 /* LoginVCUITextFieldDelegate.swift */ = {isa = PBXFileReference; lastKnownFileType = sourcecode.swift; path = LoginVCUITextFieldDelegate.swift; sourceTree = "<group>"; };
		A4979300ADC3F010DB5FEE8D /* libPods-BreakPoint.a */ = {isa = PBXFileReference; explicitFileType = archive.ar; includeInIndex = 0; path = "libPods-BreakPoint.a"; sourceTree = BUILT_PRODUCTS_DIR; };
		B7DD62C4FA2A1AED49DBFF1F /* Pods-BreakPoint.release.xcconfig */ = {isa = PBXFileReference; includeInIndex = 1; lastKnownFileType = text.xcconfig; name = "Pods-BreakPoint.release.xcconfig"; path = "Pods/Target Support Files/Pods-BreakPoint/Pods-BreakPoint.release.xcconfig"; sourceTree = "<group>"; };
		F0CE1BF4C7248F53E6C86048 /* Pods-BreakPoint.debug.xcconfig */ = {isa = PBXFileReference; includeInIndex = 1; lastKnownFileType = text.xcconfig; name = "Pods-BreakPoint.debug.xcconfig"; path = "Pods/Target Support Files/Pods-BreakPoint/Pods-BreakPoint.debug.xcconfig"; sourceTree = "<group>"; };
/* End PBXFileReference section */

/* Begin PBXFrameworksBuildPhase section */
		7E35B0B8213D786600622CA0 /* Frameworks */ = {
			isa = PBXFrameworksBuildPhase;
			buildActionMask = 2147483647;
			files = (
				B2372E5653C4B11220EA3FEE /* libPods-BreakPoint.a in Frameworks */,
			);
			runOnlyForDeploymentPostprocessing = 0;
		};
/* End PBXFrameworksBuildPhase section */

/* Begin PBXGroup section */
		6BC35A3F56774FE4CC5A074A /* Pods */ = {
			isa = PBXGroup;
			children = (
				F0CE1BF4C7248F53E6C86048 /* Pods-BreakPoint.debug.xcconfig */,
				B7DD62C4FA2A1AED49DBFF1F /* Pods-BreakPoint.release.xcconfig */,
			);
			name = Pods;
			sourceTree = "<group>";
		};
		7E35B0B2213D786600622CA0 = {
			isa = PBXGroup;
			children = (
				7E35B0BD213D786600622CA0 /* BreakPoint */,
				7E35B0BC213D786600622CA0 /* Products */,
				6BC35A3F56774FE4CC5A074A /* Pods */,
				B7DCDB72B40E8FAC43AB1953 /* Frameworks */,
			);
			sourceTree = "<group>";
		};
		7E35B0BC213D786600622CA0 /* Products */ = {
			isa = PBXGroup;
			children = (
				7E35B0BB213D786600622CA0 /* BreakPoint.app */,
			);
			name = Products;
			sourceTree = "<group>";
		};
		7E35B0BD213D786600622CA0 /* BreakPoint */ = {
			isa = PBXGroup;
			children = (
				7EC0869F21558F850010DA68 /* Delegate */,
				7E35B0D6213D7B0200622CA0 /* Service */,
				7E35B0D5213D7AD800622CA0 /* Extension */,
				7E35B0D4213D7AC800622CA0 /* Model */,
				7E35B0D3213D7ABA00622CA0 /* View */,
				7E35B0D2213D7A9F00622CA0 /* Controller */,
				7E35B0BE213D786600622CA0 /* AppDelegate.swift */,
				7E35B0C4213D786600622CA0 /* Main.storyboard */,
				7E35B0C7213D786C00622CA0 /* Assets.xcassets */,
				7E35B0C9213D786C00622CA0 /* LaunchScreen.storyboard */,
				7E35B0CC213D786C00622CA0 /* Info.plist */,
				7E35B0D7213D91ED00622CA0 /* GoogleService-Info.plist */,
			);
			path = BreakPoint;
			sourceTree = "<group>";
		};
		7E35B0D2213D7A9F00622CA0 /* Controller */ = {
			isa = PBXGroup;
			children = (
				7E35B0C0213D786600622CA0 /* FeedViewController.swift */,
				7E35B0C2213D786600622CA0 /* GroupsViewController.swift */,
				7E249AE5214FE43000390B97 /* AuthenticationViewController.swift */,
				7E249AE7214FE49200390B97 /* LoginViewController.swift */,
				7E8238142158584000D36BB7 /* MeViewController.swift */,
				7E916ED021598714003E1995 /* CreatePostViewController.swift */,
			);
			path = Controller;
			sourceTree = "<group>";
		};
		7E35B0D3213D7ABA00622CA0 /* View */ = {
			isa = PBXGroup;
			children = (
				7E249AE9214FEBF800390B97 /* InsetTextField.swift */,
				7E249AEB2150482E00390B97 /* ShadowView.swift */,
			);
			path = View;
			sourceTree = "<group>";
		};
		7E35B0D4213D7AC800622CA0 /* Model */ = {
			isa = PBXGroup;
			children = (
			);
			path = Model;
			sourceTree = "<group>";
		};
		7E35B0D5213D7AD800622CA0 /* Extension */ = {
			isa = PBXGroup;
			children = (
			);
			path = Extension;
			sourceTree = "<group>";
		};
		7E35B0D6213D7B0200622CA0 /* Service */ = {
			isa = PBXGroup;
			children = (
				7E911AF3214148990057B2FC /* DataService.swift */,
				7E94E1962151B5040007EE2A /* AuthService.swift */,
			);
			path = Service;
			sourceTree = "<group>";
		};
		7E916ED221598A35003E1995 /* CreatePostViewController */ = {
			isa = PBXGroup;
			children = (
				7E916ED321598A63003E1995 /* CreatePostVCUITextViewDelegate.swift */,
			);
			path = CreatePostViewController;
			sourceTree = "<group>";
		};
		7EC0869F21558F850010DA68 /* Delegate */ = {
			isa = PBXGroup;
			children = (
				7E916ED221598A35003E1995 /* CreatePostViewController */,
				7EC086A021558FAE0010DA68 /* LoginViewController */,
			);
			path = Delegate;
			sourceTree = "<group>";
		};
		7EC086A021558FAE0010DA68 /* LoginViewController */ = {
			isa = PBXGroup;
			children = (
				7EC086A121558FEE0010DA68 /* LoginVCUITextFieldDelegate.swift */,
			);
			path = LoginViewController;
			sourceTree = "<group>";
		};
		B7DCDB72B40E8FAC43AB1953 /* Frameworks */ = {
			isa = PBXGroup;
			children = (
				A4979300ADC3F010DB5FEE8D /* libPods-BreakPoint.a */,
			);
			name = Frameworks;
			sourceTree = "<group>";
		};
/* End PBXGroup section */

/* Begin PBXNativeTarget section */
		7E35B0BA213D786600622CA0 /* BreakPoint */ = {
			isa = PBXNativeTarget;
			buildConfigurationList = 7E35B0CF213D786C00622CA0 /* Build configuration list for PBXNativeTarget "BreakPoint" */;
			buildPhases = (
				EF34ACCC18EBF214178E45A6 /* [CP] Check Pods Manifest.lock */,
				7E35B0B7213D786600622CA0 /* Sources */,
				7E35B0B8213D786600622CA0 /* Frameworks */,
				7E35B0B9213D786600622CA0 /* Resources */,
			);
			buildRules = (
			);
			dependencies = (
			);
			name = BreakPoint;
			productName = BreakPoint;
			productReference = 7E35B0BB213D786600622CA0 /* BreakPoint.app */;
			productType = "com.apple.product-type.application";
		};
/* End PBXNativeTarget section */

/* Begin PBXProject section */
		7E35B0B3213D786600622CA0 /* Project object */ = {
			isa = PBXProject;
			attributes = {
				LastSwiftUpdateCheck = 1000;
				LastUpgradeCheck = 1000;
				ORGANIZATIONNAME = "Ahmed Elbasha";
				TargetAttributes = {
					7E35B0BA213D786600622CA0 = {
						CreatedOnToolsVersion = 10.0;
					};
				};
			};
			buildConfigurationList = 7E35B0B6213D786600622CA0 /* Build configuration list for PBXProject "BreakPoint" */;
			compatibilityVersion = "Xcode 9.3";
			developmentRegion = en;
			hasScannedForEncodings = 0;
			knownRegions = (
				en,
				Base,
			);
			mainGroup = 7E35B0B2213D786600622CA0;
			productRefGroup = 7E35B0BC213D786600622CA0 /* Products */;
			projectDirPath = "";
			projectRoot = "";
			targets = (
				7E35B0BA213D786600622CA0 /* BreakPoint */,
			);
		};
/* End PBXProject section */

/* Begin PBXResourcesBuildPhase section */
		7E35B0B9213D786600622CA0 /* Resources */ = {
			isa = PBXResourcesBuildPhase;
			buildActionMask = 2147483647;
			files = (
				7E35B0CB213D786C00622CA0 /* LaunchScreen.storyboard in Resources */,
				7E35B0D8213D91ED00622CA0 /* GoogleService-Info.plist in Resources */,
				7E35B0C8213D786C00622CA0 /* Assets.xcassets in Resources */,
				7E35B0C6213D786600622CA0 /* Main.storyboard in Resources */,
			);
			runOnlyForDeploymentPostprocessing = 0;
		};
/* End PBXResourcesBuildPhase section */

/* Begin PBXShellScriptBuildPhase section */
		EF34ACCC18EBF214178E45A6 /* [CP] Check Pods Manifest.lock */ = {
			isa = PBXShellScriptBuildPhase;
			buildActionMask = 2147483647;
			files = (
			);
			inputPaths = (
				"${PODS_PODFILE_DIR_PATH}/Podfile.lock",
				"${PODS_ROOT}/Manifest.lock",
			);
			name = "[CP] Check Pods Manifest.lock";
			outputPaths = (
				"$(DERIVED_FILE_DIR)/Pods-BreakPoint-checkManifestLockResult.txt",
			);
			runOnlyForDeploymentPostprocessing = 0;
			shellPath = /bin/sh;
			shellScript = "diff \"${PODS_PODFILE_DIR_PATH}/Podfile.lock\" \"${PODS_ROOT}/Manifest.lock\" > /dev/null\nif [ $? != 0 ] ; then\n    # print error to STDERR\n    echo \"error: The sandbox is not in sync with the Podfile.lock. Run 'pod install' or update your CocoaPods installation.\" >&2\n    exit 1\nfi\n# This output is used by Xcode 'outputs' to avoid re-running this script phase.\necho \"SUCCESS\" > \"${SCRIPT_OUTPUT_FILE_0}\"\n";
			showEnvVarsInLog = 0;
		};
/* End PBXShellScriptBuildPhase section */

/* Begin PBXSourcesBuildPhase section */
		7E35B0B7213D786600622CA0 /* Sources */ = {
			isa = PBXSourcesBuildPhase;
			buildActionMask = 2147483647;
			files = (
				7E249AE8214FE49200390B97 /* LoginViewController.swift in Sources */,
				7E8238152158584000D36BB7 /* MeViewController.swift in Sources */,
				7E916ED421598A63003E1995 /* CreatePostVCUITextViewDelegate.swift in Sources */,
				7E35B0C3213D786600622CA0 /* GroupsViewController.swift in Sources */,
				7E35B0BF213D786600622CA0 /* AppDelegate.swift in Sources */,
				7E94E1972151B5040007EE2A /* AuthService.swift in Sources */,
				7E249AE6214FE43000390B97 /* AuthenticationViewController.swift in Sources */,
				7E249AEC2150482E00390B97 /* ShadowView.swift in Sources */,
				7E35B0C1213D786600622CA0 /* FeedViewController.swift in Sources */,
				7E249AEA214FEBF800390B97 /* InsetTextField.swift in Sources */,
				7EC086A221558FEE0010DA68 /* LoginVCUITextFieldDelegate.swift in Sources */,
				7E916ED121598714003E1995 /* CreatePostViewController.swift in Sources */,
				7E911AF4214148990057B2FC /* DataService.swift in Sources */,
			);
			runOnlyForDeploymentPostprocessing = 0;
		};
/* End PBXSourcesBuildPhase section */

/* Begin PBXVariantGroup section */
		7E35B0C4213D786600622CA0 /* Main.storyboard */ = {
			isa = PBXVariantGroup;
			children = (
				7E35B0C5213D786600622CA0 /* Base */,
			);
			name = Main.storyboard;
			sourceTree = "<group>";
		};
		7E35B0C9213D786C00622CA0 /* LaunchScreen.storyboard */ = {
			isa = PBXVariantGroup;
			children = (
				7E35B0CA213D786C00622CA0 /* Base */,
			);
			name = LaunchScreen.storyboard;
			sourceTree = "<group>";
		};
/* End PBXVariantGroup section */

/* Begin XCBuildConfiguration section */
		7E35B0CD213D786C00622CA0 /* Debug */ = {
			isa = XCBuildConfiguration;
			buildSettings = {
				ALWAYS_SEARCH_USER_PATHS = NO;
				CLANG_ANALYZER_NONNULL = YES;
				CLANG_ANALYZER_NUMBER_OBJECT_CONVERSION = YES_AGGRESSIVE;
				CLANG_CXX_LANGUAGE_STANDARD = "gnu++14";
				CLANG_CXX_LIBRARY = "libc++";
				CLANG_ENABLE_MODULES = YES;
				CLANG_ENABLE_OBJC_ARC = YES;
				CLANG_ENABLE_OBJC_WEAK = YES;
				CLANG_WARN_BLOCK_CAPTURE_AUTORELEASING = YES;
				CLANG_WARN_BOOL_CONVERSION = YES;
				CLANG_WARN_COMMA = YES;
				CLANG_WARN_CONSTANT_CONVERSION = YES;
				CLANG_WARN_DEPRECATED_OBJC_IMPLEMENTATIONS = YES;
				CLANG_WARN_DIRECT_OBJC_ISA_USAGE = YES_ERROR;
				CLANG_WARN_DOCUMENTATION_COMMENTS = YES;
				CLANG_WARN_EMPTY_BODY = YES;
				CLANG_WARN_ENUM_CONVERSION = YES;
				CLANG_WARN_INFINITE_RECURSION = YES;
				CLANG_WARN_INT_CONVERSION = YES;
				CLANG_WARN_NON_LITERAL_NULL_CONVERSION = YES;
				CLANG_WARN_OBJC_IMPLICIT_RETAIN_SELF = YES;
				CLANG_WARN_OBJC_LITERAL_CONVERSION = YES;
				CLANG_WARN_OBJC_ROOT_CLASS = YES_ERROR;
				CLANG_WARN_RANGE_LOOP_ANALYSIS = YES;
				CLANG_WARN_STRICT_PROTOTYPES = YES;
				CLANG_WARN_SUSPICIOUS_MOVE = YES;
				CLANG_WARN_UNGUARDED_AVAILABILITY = YES_AGGRESSIVE;
				CLANG_WARN_UNREACHABLE_CODE = YES;
				CLANG_WARN__DUPLICATE_METHOD_MATCH = YES;
				CODE_SIGN_IDENTITY = "iPhone Developer";
				COPY_PHASE_STRIP = NO;
				DEBUG_INFORMATION_FORMAT = dwarf;
				ENABLE_STRICT_OBJC_MSGSEND = YES;
				ENABLE_TESTABILITY = YES;
				GCC_C_LANGUAGE_STANDARD = gnu11;
				GCC_DYNAMIC_NO_PIC = NO;
				GCC_NO_COMMON_BLOCKS = YES;
				GCC_OPTIMIZATION_LEVEL = 0;
				GCC_PREPROCESSOR_DEFINITIONS = (
					"DEBUG=1",
					"$(inherited)",
				);
				GCC_WARN_64_TO_32_BIT_CONVERSION = YES;
				GCC_WARN_ABOUT_RETURN_TYPE = YES_ERROR;
				GCC_WARN_UNDECLARED_SELECTOR = YES;
				GCC_WARN_UNINITIALIZED_AUTOS = YES_AGGRESSIVE;
				GCC_WARN_UNUSED_FUNCTION = YES;
				GCC_WARN_UNUSED_VARIABLE = YES;
				IPHONEOS_DEPLOYMENT_TARGET = 12.0;
				MTL_ENABLE_DEBUG_INFO = INCLUDE_SOURCE;
				MTL_FAST_MATH = YES;
				ONLY_ACTIVE_ARCH = YES;
				SDKROOT = iphoneos;
				SWIFT_ACTIVE_COMPILATION_CONDITIONS = DEBUG;
				SWIFT_OPTIMIZATION_LEVEL = "-Onone";
			};
			name = Debug;
		};
		7E35B0CE213D786C00622CA0 /* Release */ = {
			isa = XCBuildConfiguration;
			buildSettings = {
				ALWAYS_SEARCH_USER_PATHS = NO;
				CLANG_ANALYZER_NONNULL = YES;
				CLANG_ANALYZER_NUMBER_OBJECT_CONVERSION = YES_AGGRESSIVE;
				CLANG_CXX_LANGUAGE_STANDARD = "gnu++14";
				CLANG_CXX_LIBRARY = "libc++";
				CLANG_ENABLE_MODULES = YES;
				CLANG_ENABLE_OBJC_ARC = YES;
				CLANG_ENABLE_OBJC_WEAK = YES;
				CLANG_WARN_BLOCK_CAPTURE_AUTORELEASING = YES;
				CLANG_WARN_BOOL_CONVERSION = YES;
				CLANG_WARN_COMMA = YES;
				CLANG_WARN_CONSTANT_CONVERSION = YES;
				CLANG_WARN_DEPRECATED_OBJC_IMPLEMENTATIONS = YES;
				CLANG_WARN_DIRECT_OBJC_ISA_USAGE = YES_ERROR;
				CLANG_WARN_DOCUMENTATION_COMMENTS = YES;
				CLANG_WARN_EMPTY_BODY = YES;
				CLANG_WARN_ENUM_CONVERSION = YES;
				CLANG_WARN_INFINITE_RECURSION = YES;
				CLANG_WARN_INT_CONVERSION = YES;
				CLANG_WARN_NON_LITERAL_NULL_CONVERSION = YES;
				CLANG_WARN_OBJC_IMPLICIT_RETAIN_SELF = YES;
				CLANG_WARN_OBJC_LITERAL_CONVERSION = YES;
				CLANG_WARN_OBJC_ROOT_CLASS = YES_ERROR;
				CLANG_WARN_RANGE_LOOP_ANALYSIS = YES;
				CLANG_WARN_STRICT_PROTOTYPES = YES;
				CLANG_WARN_SUSPICIOUS_MOVE = YES;
				CLANG_WARN_UNGUARDED_AVAILABILITY = YES_AGGRESSIVE;
				CLANG_WARN_UNREACHABLE_CODE = YES;
				CLANG_WARN__DUPLICATE_METHOD_MATCH = YES;
				CODE_SIGN_IDENTITY = "iPhone Developer";
				COPY_PHASE_STRIP = NO;
				DEBUG_INFORMATION_FORMAT = "dwarf-with-dsym";
				ENABLE_NS_ASSERTIONS = NO;
				ENABLE_STRICT_OBJC_MSGSEND = YES;
				GCC_C_LANGUAGE_STANDARD = gnu11;
				GCC_NO_COMMON_BLOCKS = YES;
				GCC_WARN_64_TO_32_BIT_CONVERSION = YES;
				GCC_WARN_ABOUT_RETURN_TYPE = YES_ERROR;
				GCC_WARN_UNDECLARED_SELECTOR = YES;
				GCC_WARN_UNINITIALIZED_AUTOS = YES_AGGRESSIVE;
				GCC_WARN_UNUSED_FUNCTION = YES;
				GCC_WARN_UNUSED_VARIABLE = YES;
				IPHONEOS_DEPLOYMENT_TARGET = 12.0;
				MTL_ENABLE_DEBUG_INFO = NO;
				MTL_FAST_MATH = YES;
				SDKROOT = iphoneos;
				SWIFT_COMPILATION_MODE = wholemodule;
				SWIFT_OPTIMIZATION_LEVEL = "-O";
				VALIDATE_PRODUCT = YES;
			};
			name = Release;
		};
		7E35B0D0213D786C00622CA0 /* Debug */ = {
			isa = XCBuildConfiguration;
			baseConfigurationReference = F0CE1BF4C7248F53E6C86048 /* Pods-BreakPoint.debug.xcconfig */;
			buildSettings = {
				ASSETCATALOG_COMPILER_APPICON_NAME = AppIcon;
				CODE_SIGN_STYLE = Automatic;
				INFOPLIST_FILE = BreakPoint/Info.plist;
				LD_RUNPATH_SEARCH_PATHS = (
					"$(inherited)",
					"@executable_path/Frameworks",
				);
				PRODUCT_BUNDLE_IDENTIFIER = "Ahmed-Elbasha.BreakPoint";
				PRODUCT_NAME = "$(TARGET_NAME)";
				SWIFT_VERSION = 4.2;
				TARGETED_DEVICE_FAMILY = "1,2";
			};
			name = Debug;
		};
		7E35B0D1213D786C00622CA0 /* Release */ = {
			isa = XCBuildConfiguration;
			baseConfigurationReference = B7DD62C4FA2A1AED49DBFF1F /* Pods-BreakPoint.release.xcconfig */;
			buildSettings = {
				ASSETCATALOG_COMPILER_APPICON_NAME = AppIcon;
				CODE_SIGN_STYLE = Automatic;
				INFOPLIST_FILE = BreakPoint/Info.plist;
				LD_RUNPATH_SEARCH_PATHS = (
					"$(inherited)",
					"@executable_path/Frameworks",
				);
				PRODUCT_BUNDLE_IDENTIFIER = "Ahmed-Elbasha.BreakPoint";
				PRODUCT_NAME = "$(TARGET_NAME)";
				SWIFT_VERSION = 4.2;
				TARGETED_DEVICE_FAMILY = "1,2";
			};
			name = Release;
		};
/* End XCBuildConfiguration section */

/* Begin XCConfigurationList section */
		7E35B0B6213D786600622CA0 /* Build configuration list for PBXProject "BreakPoint" */ = {
			isa = XCConfigurationList;
			buildConfigurations = (
				7E35B0CD213D786C00622CA0 /* Debug */,
				7E35B0CE213D786C00622CA0 /* Release */,
			);
			defaultConfigurationIsVisible = 0;
			defaultConfigurationName = Release;
		};
		7E35B0CF213D786C00622CA0 /* Build configuration list for PBXNativeTarget "BreakPoint" */ = {
			isa = XCConfigurationList;
			buildConfigurations = (
				7E35B0D0213D786C00622CA0 /* Debug */,
				7E35B0D1213D786C00622CA0 /* Release */,
			);
			defaultConfigurationIsVisible = 0;
			defaultConfigurationName = Release;
		};
/* End XCConfigurationList section */
	};
	rootObject = 7E35B0B3213D786600622CA0 /* Project object */;
}
